// !$*UTF8*$!
{
	archiveVersion = 1;
	classes = {
	};
	objectVersion = 48;
	objects = {

/* Begin PBXBuildFile section */
		185BC2281ABCE7538435C981 /* SliderBar.swift in Sources */ = {isa = PBXBuildFile; fileRef = 185BCF065389628388F90E4C /* SliderBar.swift */; };
		185BCE645F000E9A4DF9C09F /* Blur.swift in Sources */ = {isa = PBXBuildFile; fileRef = 185BCEF37BB48DF4938B0FF8 /* Blur.swift */; };
		69056AE81FE3C25200370BB6 /* AppDelegate.swift in Sources */ = {isa = PBXBuildFile; fileRef = 69056AE71FE3C25200370BB6 /* AppDelegate.swift */; };
		69056AF21FE3C25200370BB6 /* LaunchScreen.storyboard in Resources */ = {isa = PBXBuildFile; fileRef = 69056AF01FE3C25200370BB6 /* LaunchScreen.storyboard */; };
		690C805D2576162600481599 /* LocalMusicPlayerApp.swift in Sources */ = {isa = PBXBuildFile; fileRef = 690C805C2576162600481599 /* LocalMusicPlayerApp.swift */; };
		690C8060257646F700481599 /* AlbumListView.swift in Sources */ = {isa = PBXBuildFile; fileRef = 690C805F257646F700481599 /* AlbumListView.swift */; };
		690C80672576554200481599 /* AlbumListRow.swift in Sources */ = {isa = PBXBuildFile; fileRef = 690C80662576554200481599 /* AlbumListRow.swift */; };
		6914348B205B513A00C34170 /* Log.swift in Sources */ = {isa = PBXBuildFile; fileRef = 6914348A205B513A00C34170 /* Log.swift */; };
		692B08D9203E3CC3001E6474 /* Assets.xcassets in Resources */ = {isa = PBXBuildFile; fileRef = 692B08D8203E3CC3001E6474 /* Assets.xcassets */; };
		694BF7F325A3435A00178E60 /* FullScreenPlayerView.swift in Sources */ = {isa = PBXBuildFile; fileRef = 694BF7F225A3435A00178E60 /* FullScreenPlayerView.swift */; };
		697890962138BF1B0006803F /* NextSongChooser.swift in Sources */ = {isa = PBXBuildFile; fileRef = 697890952138BF1B0006803F /* NextSongChooser.swift */; };
		699210812598A500007F3DF7 /* PlayerView.swift in Sources */ = {isa = PBXBuildFile; fileRef = 699210802598A500007F3DF7 /* PlayerView.swift */; };
		69C175E920575B6B008D3E90 /* Player.swift in Sources */ = {isa = PBXBuildFile; fileRef = 69C175E820575B6B008D3E90 /* Player.swift */; };
		69D855FB1FFDA5380005C298 /* Localizable.strings in Resources */ = {isa = PBXBuildFile; fileRef = 69D855FA1FFDA5380005C298 /* Localizable.strings */; };
		69ECE6CB257685230039ED27 /* AlbumDetailView.swift in Sources */ = {isa = PBXBuildFile; fileRef = 69ECE6CA257685230039ED27 /* AlbumDetailView.swift */; };
		69ECE6D0257737BB0039ED27 /* AlbumViewModel.swift in Sources */ = {isa = PBXBuildFile; fileRef = 69ECE6CF257737BB0039ED27 /* AlbumViewModel.swift */; };
		69ECE6D42580F4D80039ED27 /* AlbumDetailRow.swift in Sources */ = {isa = PBXBuildFile; fileRef = 69ECE6D32580F4D80039ED27 /* AlbumDetailRow.swift */; };
/* End PBXBuildFile section */

/* Begin PBXFileReference section */
		185BCEF37BB48DF4938B0FF8 /* Blur.swift */ = {isa = PBXFileReference; fileEncoding = 4; lastKnownFileType = sourcecode.swift; path = Blur.swift; sourceTree = "<group>"; };
		185BCF065389628388F90E4C /* SliderBar.swift */ = {isa = PBXFileReference; fileEncoding = 4; lastKnownFileType = sourcecode.swift; path = SliderBar.swift; sourceTree = "<group>"; };
		69056AE41FE3C25200370BB6 /* LocalMusicPlayer.app */ = {isa = PBXFileReference; explicitFileType = wrapper.application; includeInIndex = 0; path = LocalMusicPlayer.app; sourceTree = BUILT_PRODUCTS_DIR; };
		69056AE71FE3C25200370BB6 /* AppDelegate.swift */ = {isa = PBXFileReference; lastKnownFileType = sourcecode.swift; path = AppDelegate.swift; sourceTree = "<group>"; };
		69056AF11FE3C25200370BB6 /* Base */ = {isa = PBXFileReference; lastKnownFileType = file.storyboard; name = Base; path = Base.lproj/LaunchScreen.storyboard; sourceTree = "<group>"; };
		69056AF31FE3C25200370BB6 /* Info.plist */ = {isa = PBXFileReference; lastKnownFileType = text.plist.xml; path = Info.plist; sourceTree = "<group>"; };
		690C805C2576162600481599 /* LocalMusicPlayerApp.swift */ = {isa = PBXFileReference; lastKnownFileType = sourcecode.swift; path = LocalMusicPlayerApp.swift; sourceTree = "<group>"; };
		690C805F257646F700481599 /* AlbumListView.swift */ = {isa = PBXFileReference; lastKnownFileType = sourcecode.swift; path = AlbumListView.swift; sourceTree = "<group>"; };
		690C80662576554200481599 /* AlbumListRow.swift */ = {isa = PBXFileReference; lastKnownFileType = sourcecode.swift; path = AlbumListRow.swift; sourceTree = "<group>"; };
		6914348A205B513A00C34170 /* Log.swift */ = {isa = PBXFileReference; lastKnownFileType = sourcecode.swift; path = Log.swift; sourceTree = "<group>"; };
		692B08D8203E3CC3001E6474 /* Assets.xcassets */ = {isa = PBXFileReference; lastKnownFileType = folder.assetcatalog; path = Assets.xcassets; sourceTree = "<group>"; };
		694BF7F225A3435A00178E60 /* FullScreenPlayerView.swift */ = {isa = PBXFileReference; lastKnownFileType = sourcecode.swift; path = FullScreenPlayerView.swift; sourceTree = "<group>"; };
		697890952138BF1B0006803F /* NextSongChooser.swift */ = {isa = PBXFileReference; lastKnownFileType = sourcecode.swift; path = NextSongChooser.swift; sourceTree = "<group>"; };
		699210802598A500007F3DF7 /* PlayerView.swift */ = {isa = PBXFileReference; lastKnownFileType = sourcecode.swift; path = PlayerView.swift; sourceTree = "<group>"; };
		69C175E820575B6B008D3E90 /* Player.swift */ = {isa = PBXFileReference; lastKnownFileType = sourcecode.swift; path = Player.swift; sourceTree = "<group>"; };
		69D855FA1FFDA5380005C298 /* Localizable.strings */ = {isa = PBXFileReference; lastKnownFileType = text.plist.strings; path = Localizable.strings; sourceTree = "<group>"; };
		69ECE6CA257685230039ED27 /* AlbumDetailView.swift */ = {isa = PBXFileReference; lastKnownFileType = sourcecode.swift; path = AlbumDetailView.swift; sourceTree = "<group>"; };
		69ECE6CF257737BB0039ED27 /* AlbumViewModel.swift */ = {isa = PBXFileReference; lastKnownFileType = sourcecode.swift; path = AlbumViewModel.swift; sourceTree = "<group>"; };
		69ECE6D32580F4D80039ED27 /* AlbumDetailRow.swift */ = {isa = PBXFileReference; lastKnownFileType = sourcecode.swift; path = AlbumDetailRow.swift; sourceTree = "<group>"; };
/* End PBXFileReference section */

/* Begin PBXFrameworksBuildPhase section */
		69056AE11FE3C25200370BB6 /* Frameworks */ = {
			isa = PBXFrameworksBuildPhase;
			buildActionMask = 2147483647;
			files = (
			);
			runOnlyForDeploymentPostprocessing = 0;
		};
/* End PBXFrameworksBuildPhase section */

/* Begin PBXGroup section */
		69056ADB1FE3C25200370BB6 = {
			isa = PBXGroup;
			children = (
				69056AE61FE3C25200370BB6 /* LocalMusicPlayer */,
				69056AE51FE3C25200370BB6 /* Products */,
			);
			sourceTree = "<group>";
		};
		69056AE51FE3C25200370BB6 /* Products */ = {
			isa = PBXGroup;
			children = (
				69056AE41FE3C25200370BB6 /* LocalMusicPlayer.app */,
			);
			name = Products;
			sourceTree = "<group>";
		};
		69056AE61FE3C25200370BB6 /* LocalMusicPlayer */ = {
			isa = PBXGroup;
			children = (
				69D855F51FF32DAB0005C298 /* Resources */,
				69D855F41FF32D8F0005C298 /* Sources */,
			);
			path = LocalMusicPlayer;
			sourceTree = "<group>";
		};
		690C80652576550600481599 /* Row */ = {
			isa = PBXGroup;
			children = (
				690C80662576554200481599 /* AlbumListRow.swift */,
				69ECE6D32580F4D80039ED27 /* AlbumDetailRow.swift */,
			);
			path = Row;
			sourceTree = "<group>";
		};
		69143489205B511E00C34170 /* Misc */ = {
			isa = PBXGroup;
			children = (
				6914348A205B513A00C34170 /* Log.swift */,
			);
			path = Misc;
			sourceTree = "<group>";
		};
		692B08D5203D61F4001E6474 /* Views */ = {
			isa = PBXGroup;
			children = (
				699210802598A500007F3DF7 /* PlayerView.swift */,
				185BCEF37BB48DF4938B0FF8 /* Blur.swift */,
				185BCF065389628388F90E4C /* SliderBar.swift */,
			);
			path = Views;
			sourceTree = "<group>";
		};
		69D855F41FF32D8F0005C298 /* Sources */ = {
			isa = PBXGroup;
			children = (
				69143489205B511E00C34170 /* Misc */,
				690C80652576550600481599 /* Row */,
				692B08D5203D61F4001E6474 /* Views */,
				69ECE6CE257737620039ED27 /* ViewModels */,
				690C805F257646F700481599 /* AlbumListView.swift */,
				69ECE6CA257685230039ED27 /* AlbumDetailView.swift */,
				69056AE71FE3C25200370BB6 /* AppDelegate.swift */,
				69C175E820575B6B008D3E90 /* Player.swift */,
				697890952138BF1B0006803F /* NextSongChooser.swift */,
				690C805C2576162600481599 /* LocalMusicPlayerApp.swift */,
				694BF7F225A3435A00178E60 /* FullScreenPlayerView.swift */,
			);
			path = Sources;
			sourceTree = "<group>";
		};
		69D855F51FF32DAB0005C298 /* Resources */ = {
			isa = PBXGroup;
			children = (
				692B08D8203E3CC3001E6474 /* Assets.xcassets */,
				69056AF31FE3C25200370BB6 /* Info.plist */,
				69056AF01FE3C25200370BB6 /* LaunchScreen.storyboard */,
				69D855FA1FFDA5380005C298 /* Localizable.strings */,
			);
			path = Resources;
			sourceTree = "<group>";
		};
		69ECE6CE257737620039ED27 /* ViewModels */ = {
			isa = PBXGroup;
			children = (
				69ECE6CF257737BB0039ED27 /* AlbumViewModel.swift */,
			);
			path = ViewModels;
			sourceTree = "<group>";
		};
/* End PBXGroup section */

/* Begin PBXNativeTarget section */
		69056AE31FE3C25200370BB6 /* LocalMusicPlayer */ = {
			isa = PBXNativeTarget;
			buildConfigurationList = 69056AF61FE3C25200370BB6 /* Build configuration list for PBXNativeTarget "LocalMusicPlayer" */;
			buildPhases = (
				69056AE01FE3C25200370BB6 /* Sources */,
				69056AE11FE3C25200370BB6 /* Frameworks */,
				69056AE21FE3C25200370BB6 /* Resources */,
			);
			buildRules = (
			);
			dependencies = (
			);
			name = LocalMusicPlayer;
			productName = LocalMusicPlayer;
			productReference = 69056AE41FE3C25200370BB6 /* LocalMusicPlayer.app */;
			productType = "com.apple.product-type.application";
		};
/* End PBXNativeTarget section */

/* Begin PBXProject section */
		69056ADC1FE3C25200370BB6 /* Project object */ = {
			isa = PBXProject;
			attributes = {
				LastSwiftUpdateCheck = 0910;
				LastUpgradeCheck = 1210;
				ORGANIZATIONNAME = "Daisuke Shiraishi";
				TargetAttributes = {
					69056AE31FE3C25200370BB6 = {
						CreatedOnToolsVersion = 9.1;
						LastSwiftMigration = 1210;
						ProvisioningStyle = Automatic;
						SystemCapabilities = {
							com.apple.BackgroundModes = {
								enabled = 1;
							};
						};
					};
				};
			};
			buildConfigurationList = 69056ADF1FE3C25200370BB6 /* Build configuration list for PBXProject "LocalMusicPlayer" */;
			compatibilityVersion = "Xcode 8.0";
			developmentRegion = en;
			hasScannedForEncodings = 0;
			knownRegions = (
				en,
				Base,
			);
			mainGroup = 69056ADB1FE3C25200370BB6;
			productRefGroup = 69056AE51FE3C25200370BB6 /* Products */;
			projectDirPath = "";
			projectRoot = "";
			targets = (
				69056AE31FE3C25200370BB6 /* LocalMusicPlayer */,
			);
		};
/* End PBXProject section */

/* Begin PBXResourcesBuildPhase section */
		69056AE21FE3C25200370BB6 /* Resources */ = {
			isa = PBXResourcesBuildPhase;
			buildActionMask = 2147483647;
			files = (
				69D855FB1FFDA5380005C298 /* Localizable.strings in Resources */,
				69056AF21FE3C25200370BB6 /* LaunchScreen.storyboard in Resources */,
				692B08D9203E3CC3001E6474 /* Assets.xcassets in Resources */,
			);
			runOnlyForDeploymentPostprocessing = 0;
		};
/* End PBXResourcesBuildPhase section */

/* Begin PBXSourcesBuildPhase section */
		69056AE01FE3C25200370BB6 /* Sources */ = {
			isa = PBXSourcesBuildPhase;
			buildActionMask = 2147483647;
			files = (
				697890962138BF1B0006803F /* NextSongChooser.swift in Sources */,
				690C80672576554200481599 /* AlbumListRow.swift in Sources */,
				694BF7F325A3435A00178E60 /* FullScreenPlayerView.swift in Sources */,
				6914348B205B513A00C34170 /* Log.swift in Sources */,
				69ECE6D42580F4D80039ED27 /* AlbumDetailRow.swift in Sources */,
				690C805D2576162600481599 /* LocalMusicPlayerApp.swift in Sources */,
				699210812598A500007F3DF7 /* PlayerView.swift in Sources */,
				69ECE6CB257685230039ED27 /* AlbumDetailView.swift in Sources */,
				69056AE81FE3C25200370BB6 /* AppDelegate.swift in Sources */,
				69ECE6D0257737BB0039ED27 /* AlbumViewModel.swift in Sources */,
				69C175E920575B6B008D3E90 /* Player.swift in Sources */,
				690C8060257646F700481599 /* AlbumListView.swift in Sources */,
				185BCE645F000E9A4DF9C09F /* Blur.swift in Sources */,
				185BC2281ABCE7538435C981 /* SliderBar.swift in Sources */,
			);
			runOnlyForDeploymentPostprocessing = 0;
		};
/* End PBXSourcesBuildPhase section */

/* Begin PBXVariantGroup section */
		69056AF01FE3C25200370BB6 /* LaunchScreen.storyboard */ = {
			isa = PBXVariantGroup;
			children = (
				69056AF11FE3C25200370BB6 /* Base */,
			);
			name = LaunchScreen.storyboard;
			path = .;
			sourceTree = "<group>";
		};
/* End PBXVariantGroup section */

/* Begin XCBuildConfiguration section */
		69056AF41FE3C25200370BB6 /* Debug */ = {
			isa = XCBuildConfiguration;
			buildSettings = {
				ALWAYS_SEARCH_USER_PATHS = NO;
				CLANG_ANALYZER_NONNULL = YES;
				CLANG_ANALYZER_NUMBER_OBJECT_CONVERSION = YES_AGGRESSIVE;
				CLANG_CXX_LANGUAGE_STANDARD = "gnu++14";
				CLANG_CXX_LIBRARY = "libc++";
				CLANG_ENABLE_MODULES = YES;
				CLANG_ENABLE_OBJC_ARC = YES;
				CLANG_WARN_BLOCK_CAPTURE_AUTORELEASING = YES;
				CLANG_WARN_BOOL_CONVERSION = YES;
				CLANG_WARN_COMMA = YES;
				CLANG_WARN_CONSTANT_CONVERSION = YES;
				CLANG_WARN_DEPRECATED_OBJC_IMPLEMENTATIONS = YES;
				CLANG_WARN_DIRECT_OBJC_ISA_USAGE = YES_ERROR;
				CLANG_WARN_DOCUMENTATION_COMMENTS = YES;
				CLANG_WARN_EMPTY_BODY = YES;
				CLANG_WARN_ENUM_CONVERSION = YES;
				CLANG_WARN_INFINITE_RECURSION = YES;
				CLANG_WARN_INT_CONVERSION = YES;
				CLANG_WARN_NON_LITERAL_NULL_CONVERSION = YES;
				CLANG_WARN_OBJC_IMPLICIT_RETAIN_SELF = YES;
				CLANG_WARN_OBJC_LITERAL_CONVERSION = YES;
				CLANG_WARN_OBJC_ROOT_CLASS = YES_ERROR;
				CLANG_WARN_QUOTED_INCLUDE_IN_FRAMEWORK_HEADER = YES;
				CLANG_WARN_RANGE_LOOP_ANALYSIS = YES;
				CLANG_WARN_STRICT_PROTOTYPES = YES;
				CLANG_WARN_SUSPICIOUS_MOVE = YES;
				CLANG_WARN_UNGUARDED_AVAILABILITY = YES_AGGRESSIVE;
				CLANG_WARN_UNREACHABLE_CODE = YES;
				CLANG_WARN__DUPLICATE_METHOD_MATCH = YES;
				CODE_SIGN_IDENTITY = "iPhone Developer";
				COPY_PHASE_STRIP = NO;
				DEBUG_INFORMATION_FORMAT = dwarf;
				ENABLE_STRICT_OBJC_MSGSEND = YES;
				ENABLE_TESTABILITY = YES;
				GCC_C_LANGUAGE_STANDARD = gnu11;
				GCC_DYNAMIC_NO_PIC = NO;
				GCC_NO_COMMON_BLOCKS = YES;
				GCC_OPTIMIZATION_LEVEL = 0;
				GCC_PREPROCESSOR_DEFINITIONS = (
					"DEBUG=1",
					"$(inherited)",
				);
				GCC_WARN_64_TO_32_BIT_CONVERSION = YES;
				GCC_WARN_ABOUT_RETURN_TYPE = YES_ERROR;
				GCC_WARN_UNDECLARED_SELECTOR = YES;
				GCC_WARN_UNINITIALIZED_AUTOS = YES_AGGRESSIVE;
				GCC_WARN_UNUSED_FUNCTION = YES;
				GCC_WARN_UNUSED_VARIABLE = YES;
				IPHONEOS_DEPLOYMENT_TARGET = 14.1;
				MTL_ENABLE_DEBUG_INFO = YES;
				ONLY_ACTIVE_ARCH = YES;
				SDKROOT = iphoneos;
				SWIFT_ACTIVE_COMPILATION_CONDITIONS = DEBUG;
				SWIFT_OPTIMIZATION_LEVEL = "-Onone";
				SWIFT_VERSION = 5.0;
			};
			name = Debug;
		};
		69056AF51FE3C25200370BB6 /* Release */ = {
			isa = XCBuildConfiguration;
			buildSettings = {
				ALWAYS_SEARCH_USER_PATHS = NO;
				CLANG_ANALYZER_NONNULL = YES;
				CLANG_ANALYZER_NUMBER_OBJECT_CONVERSION = YES_AGGRESSIVE;
				CLANG_CXX_LANGUAGE_STANDARD = "gnu++14";
				CLANG_CXX_LIBRARY = "libc++";
				CLANG_ENABLE_MODULES = YES;
				CLANG_ENABLE_OBJC_ARC = YES;
				CLANG_WARN_BLOCK_CAPTURE_AUTORELEASING = YES;
				CLANG_WARN_BOOL_CONVERSION = YES;
				CLANG_WARN_COMMA = YES;
				CLANG_WARN_CONSTANT_CONVERSION = YES;
				CLANG_WARN_DEPRECATED_OBJC_IMPLEMENTATIONS = YES;
				CLANG_WARN_DIRECT_OBJC_ISA_USAGE = YES_ERROR;
				CLANG_WARN_DOCUMENTATION_COMMENTS = YES;
				CLANG_WARN_EMPTY_BODY = YES;
				CLANG_WARN_ENUM_CONVERSION = YES;
				CLANG_WARN_INFINITE_RECURSION = YES;
				CLANG_WARN_INT_CONVERSION = YES;
				CLANG_WARN_NON_LITERAL_NULL_CONVERSION = YES;
				CLANG_WARN_OBJC_IMPLICIT_RETAIN_SELF = YES;
				CLANG_WARN_OBJC_LITERAL_CONVERSION = YES;
				CLANG_WARN_OBJC_ROOT_CLASS = YES_ERROR;
				CLANG_WARN_QUOTED_INCLUDE_IN_FRAMEWORK_HEADER = YES;
				CLANG_WARN_RANGE_LOOP_ANALYSIS = YES;
				CLANG_WARN_STRICT_PROTOTYPES = YES;
				CLANG_WARN_SUSPICIOUS_MOVE = YES;
				CLANG_WARN_UNGUARDED_AVAILABILITY = YES_AGGRESSIVE;
				CLANG_WARN_UNREACHABLE_CODE = YES;
				CLANG_WARN__DUPLICATE_METHOD_MATCH = YES;
				CODE_SIGN_IDENTITY = "iPhone Developer";
				COPY_PHASE_STRIP = NO;
				DEBUG_INFORMATION_FORMAT = "dwarf-with-dsym";
				ENABLE_NS_ASSERTIONS = NO;
				ENABLE_STRICT_OBJC_MSGSEND = YES;
				GCC_C_LANGUAGE_STANDARD = gnu11;
				GCC_NO_COMMON_BLOCKS = YES;
				GCC_WARN_64_TO_32_BIT_CONVERSION = YES;
				GCC_WARN_ABOUT_RETURN_TYPE = YES_ERROR;
				GCC_WARN_UNDECLARED_SELECTOR = YES;
				GCC_WARN_UNINITIALIZED_AUTOS = YES_AGGRESSIVE;
				GCC_WARN_UNUSED_FUNCTION = YES;
				GCC_WARN_UNUSED_VARIABLE = YES;
				IPHONEOS_DEPLOYMENT_TARGET = 14.1;
				MTL_ENABLE_DEBUG_INFO = NO;
				SDKROOT = iphoneos;
				SWIFT_OPTIMIZATION_LEVEL = "-Owholemodule";
				SWIFT_VERSION = 5.0;
				VALIDATE_PRODUCT = YES;
			};
			name = Release;
		};
		69056AF71FE3C25200370BB6 /* Debug */ = {
			isa = XCBuildConfiguration;
			buildSettings = {
				ASSETCATALOG_COMPILER_APPICON_NAME = AppIcon;
				"CODE_SIGN_IDENTITY[sdk=iphoneos*]" = "iPhone Developer";
				CODE_SIGN_STYLE = Automatic;
				DEVELOPMENT_TEAM = 6X7NUD7W6P;
				INFOPLIST_FILE = LocalMusicPlayer/Resources/Info.plist;
				LD_RUNPATH_SEARCH_PATHS = "$(inherited) @executable_path/Frameworks";
				OTHER_SWIFT_FLAGS = "$(inherited) \"-D\" \"COCOAPODS\" -D DEBUG";
				PRODUCT_BUNDLE_IDENTIFIER = mixin.LocalMusicPlayer;
				PRODUCT_NAME = "$(TARGET_NAME)";
				PROVISIONING_PROFILE_SPECIFIER = "";
				SWIFT_VERSION = 5.0;
				TARGETED_DEVICE_FAMILY = 1;
			};
			name = Debug;
		};
		69056AF81FE3C25200370BB6 /* Release */ = {
			isa = XCBuildConfiguration;
			buildSettings = {
				ASSETCATALOG_COMPILER_APPICON_NAME = AppIcon;
				"CODE_SIGN_IDENTITY[sdk=iphoneos*]" = "iPhone Developer";
				CODE_SIGN_STYLE = Automatic;
				DEVELOPMENT_TEAM = 6X7NUD7W6P;
				INFOPLIST_FILE = LocalMusicPlayer/Resources/Info.plist;
				LD_RUNPATH_SEARCH_PATHS = "$(inherited) @executable_path/Frameworks";
				OTHER_SWIFT_FLAGS = "$(inherited) \"-D\" \"COCOAPODS\" -D RELEASE";
				PRODUCT_BUNDLE_IDENTIFIER = mixin.LocalMusicPlayer;
				PRODUCT_NAME = "$(TARGET_NAME)";
				PROVISIONING_PROFILE_SPECIFIER = "";
				SWIFT_VERSION = 5.0;
				TARGETED_DEVICE_FAMILY = 1;
			};
			name = Release;
		};
/* End XCBuildConfiguration section */

/* Begin XCConfigurationList section */
		69056ADF1FE3C25200370BB6 /* Build configuration list for PBXProject "LocalMusicPlayer" */ = {
			isa = XCConfigurationList;
			buildConfigurations = (
				69056AF41FE3C25200370BB6 /* Debug */,
				69056AF51FE3C25200370BB6 /* Release */,
			);
			defaultConfigurationIsVisible = 0;
			defaultConfigurationName = Release;
		};
		69056AF61FE3C25200370BB6 /* Build configuration list for PBXNativeTarget "LocalMusicPlayer" */ = {
			isa = XCConfigurationList;
			buildConfigurations = (
				69056AF71FE3C25200370BB6 /* Debug */,
				69056AF81FE3C25200370BB6 /* Release */,
			);
			defaultConfigurationIsVisible = 0;
			defaultConfigurationName = Release;
		};
/* End XCConfigurationList section */
	};
	rootObject = 69056ADC1FE3C25200370BB6 /* Project object */;
}
