// !$*UTF8*$!
{
	archiveVersion = 1;
	classes = {
	};
	objectVersion = 48;
	objects = {

/* Begin PBXBuildFile section */
		69056AE81FE3C25200370BB6 /* AppDelegate.swift in Sources */ = {isa = PBXBuildFile; fileRef = 69056AE71FE3C25200370BB6 /* AppDelegate.swift */; };
		69056AEA1FE3C25200370BB6 /* AlbumListViewController.swift in Sources */ = {isa = PBXBuildFile; fileRef = 69056AE91FE3C25200370BB6 /* AlbumListViewController.swift */; };
		69056AED1FE3C25200370BB6 /* AlbumList.storyboard in Resources */ = {isa = PBXBuildFile; fileRef = 69056AEB1FE3C25200370BB6 /* AlbumList.storyboard */; };
		69056AEF1FE3C25200370BB6 /* Assets.xcassets in Resources */ = {isa = PBXBuildFile; fileRef = 69056AEE1FE3C25200370BB6 /* Assets.xcassets */; };
		69056AF21FE3C25200370BB6 /* LaunchScreen.storyboard in Resources */ = {isa = PBXBuildFile; fileRef = 69056AF01FE3C25200370BB6 /* LaunchScreen.storyboard */; };
		696E385720074EA300783C4D /* AlbumDetail.storyboard in Resources */ = {isa = PBXBuildFile; fileRef = 696E385620074EA300783C4D /* AlbumDetail.storyboard */; };
		696E385920075BAA00783C4D /* AlbumDetailViewController.swift in Sources */ = {isa = PBXBuildFile; fileRef = 696E385820075BAA00783C4D /* AlbumDetailViewController.swift */; };
		69D855F71FF3B85A0005C298 /* Top.storyboard in Resources */ = {isa = PBXBuildFile; fileRef = 69D855F61FF3B85A0005C298 /* Top.storyboard */; };
		69D855F91FF86CDA0005C298 /* TopViewController.swift in Sources */ = {isa = PBXBuildFile; fileRef = 69D855F81FF86CDA0005C298 /* TopViewController.swift */; };
		69D855FB1FFDA5380005C298 /* Localizable.strings in Resources */ = {isa = PBXBuildFile; fileRef = 69D855FA1FFDA5380005C298 /* Localizable.strings */; };
		69FA7B9A20177A8C00E0BA46 /* NavigationController.swift in Sources */ = {isa = PBXBuildFile; fileRef = 69FA7B9920177A8C00E0BA46 /* NavigationController.swift */; };
		69FA7B9D20177CC600E0BA46 /* UIViewController.swift in Sources */ = {isa = PBXBuildFile; fileRef = 69FA7B9C20177CC600E0BA46 /* UIViewController.swift */; };
		69FF9E6A1FFDF97000EF1CF3 /* R.generated.swift in Sources */ = {isa = PBXBuildFile; fileRef = 69FF9E691FFDF97000EF1CF3 /* R.generated.swift */; };
		9DD8B46D70202577694E2806 /* Pods_LocalMusicPlayer.framework in Frameworks */ = {isa = PBXBuildFile; fileRef = 71DD375F2E13B57B88EE5378 /* Pods_LocalMusicPlayer.framework */; };
/* End PBXBuildFile section */

/* Begin PBXFileReference section */
		1A00547BFBE133F6D460C1C6 /* Pods-LocalMusicPlayer.release.xcconfig */ = {isa = PBXFileReference; includeInIndex = 1; lastKnownFileType = text.xcconfig; name = "Pods-LocalMusicPlayer.release.xcconfig"; path = "Pods/Target Support Files/Pods-LocalMusicPlayer/Pods-LocalMusicPlayer.release.xcconfig"; sourceTree = "<group>"; };
		69056AE41FE3C25200370BB6 /* LocalMusicPlayer.app */ = {isa = PBXFileReference; explicitFileType = wrapper.application; includeInIndex = 0; path = LocalMusicPlayer.app; sourceTree = BUILT_PRODUCTS_DIR; };
		69056AE71FE3C25200370BB6 /* AppDelegate.swift */ = {isa = PBXFileReference; lastKnownFileType = sourcecode.swift; path = AppDelegate.swift; sourceTree = "<group>"; };
		69056AE91FE3C25200370BB6 /* AlbumListViewController.swift */ = {isa = PBXFileReference; lastKnownFileType = sourcecode.swift; path = AlbumListViewController.swift; sourceTree = "<group>"; };
		69056AEC1FE3C25200370BB6 /* Base */ = {isa = PBXFileReference; lastKnownFileType = file.storyboard; name = Base; path = Base.lproj/AlbumList.storyboard; sourceTree = "<group>"; };
		69056AEE1FE3C25200370BB6 /* Assets.xcassets */ = {isa = PBXFileReference; lastKnownFileType = folder.assetcatalog; path = Assets.xcassets; sourceTree = "<group>"; };
		69056AF11FE3C25200370BB6 /* Base */ = {isa = PBXFileReference; lastKnownFileType = file.storyboard; name = Base; path = Base.lproj/LaunchScreen.storyboard; sourceTree = "<group>"; };
		69056AF31FE3C25200370BB6 /* Info.plist */ = {isa = PBXFileReference; lastKnownFileType = text.plist.xml; path = Info.plist; sourceTree = "<group>"; };
		696E385620074EA300783C4D /* AlbumDetail.storyboard */ = {isa = PBXFileReference; lastKnownFileType = file.storyboard; path = AlbumDetail.storyboard; sourceTree = "<group>"; };
		696E385820075BAA00783C4D /* AlbumDetailViewController.swift */ = {isa = PBXFileReference; fileEncoding = 4; lastKnownFileType = sourcecode.swift; path = AlbumDetailViewController.swift; sourceTree = "<group>"; };
		69D855F61FF3B85A0005C298 /* Top.storyboard */ = {isa = PBXFileReference; lastKnownFileType = file.storyboard; path = Top.storyboard; sourceTree = "<group>"; };
		69D855F81FF86CDA0005C298 /* TopViewController.swift */ = {isa = PBXFileReference; fileEncoding = 4; lastKnownFileType = sourcecode.swift; path = TopViewController.swift; sourceTree = "<group>"; };
		69D855FA1FFDA5380005C298 /* Localizable.strings */ = {isa = PBXFileReference; lastKnownFileType = text.plist.strings; path = Localizable.strings; sourceTree = "<group>"; };
		69FA7B9920177A8C00E0BA46 /* NavigationController.swift */ = {isa = PBXFileReference; lastKnownFileType = sourcecode.swift; path = NavigationController.swift; sourceTree = "<group>"; };
		69FA7B9C20177CC600E0BA46 /* UIViewController.swift */ = {isa = PBXFileReference; lastKnownFileType = sourcecode.swift; path = UIViewController.swift; sourceTree = "<group>"; };
		69FF9E691FFDF97000EF1CF3 /* R.generated.swift */ = {isa = PBXFileReference; fileEncoding = 4; lastKnownFileType = sourcecode.swift; path = R.generated.swift; sourceTree = "<group>"; };
		71DD375F2E13B57B88EE5378 /* Pods_LocalMusicPlayer.framework */ = {isa = PBXFileReference; explicitFileType = wrapper.framework; includeInIndex = 0; path = Pods_LocalMusicPlayer.framework; sourceTree = BUILT_PRODUCTS_DIR; };
		901B57FA0B7BED784AD805DA /* Pods-LocalMusicPlayer.debug.xcconfig */ = {isa = PBXFileReference; includeInIndex = 1; lastKnownFileType = text.xcconfig; name = "Pods-LocalMusicPlayer.debug.xcconfig"; path = "Pods/Target Support Files/Pods-LocalMusicPlayer/Pods-LocalMusicPlayer.debug.xcconfig"; sourceTree = "<group>"; };
/* End PBXFileReference section */

/* Begin PBXFrameworksBuildPhase section */
		69056AE11FE3C25200370BB6 /* Frameworks */ = {
			isa = PBXFrameworksBuildPhase;
			buildActionMask = 2147483647;
			files = (
				9DD8B46D70202577694E2806 /* Pods_LocalMusicPlayer.framework in Frameworks */,
			);
			runOnlyForDeploymentPostprocessing = 0;
		};
/* End PBXFrameworksBuildPhase section */

/* Begin PBXGroup section */
		12543F7D636E7E26DC6FE7E7 /* Pods */ = {
			isa = PBXGroup;
			children = (
				901B57FA0B7BED784AD805DA /* Pods-LocalMusicPlayer.debug.xcconfig */,
				1A00547BFBE133F6D460C1C6 /* Pods-LocalMusicPlayer.release.xcconfig */,
			);
			name = Pods;
			sourceTree = "<group>";
		};
		69056ADB1FE3C25200370BB6 = {
			isa = PBXGroup;
			children = (
				69056AE61FE3C25200370BB6 /* LocalMusicPlayer */,
				69056AE51FE3C25200370BB6 /* Products */,
				12543F7D636E7E26DC6FE7E7 /* Pods */,
				E14DB2C871FA77FD03B012D9 /* Frameworks */,
			);
			sourceTree = "<group>";
		};
		69056AE51FE3C25200370BB6 /* Products */ = {
			isa = PBXGroup;
			children = (
				69056AE41FE3C25200370BB6 /* LocalMusicPlayer.app */,
			);
			name = Products;
			sourceTree = "<group>";
		};
		69056AE61FE3C25200370BB6 /* LocalMusicPlayer */ = {
			isa = PBXGroup;
			children = (
				69D855F51FF32DAB0005C298 /* Resources */,
				69D855F41FF32D8F0005C298 /* Sources */,
			);
			path = LocalMusicPlayer;
			sourceTree = "<group>";
		};
		69D855F41FF32D8F0005C298 /* Sources */ = {
			isa = PBXGroup;
			children = (
				69FA7B9B20177C9000E0BA46 /* extensions */,
				69056AE71FE3C25200370BB6 /* AppDelegate.swift */,
				696E385620074EA300783C4D /* AlbumDetail.storyboard */,
				696E385820075BAA00783C4D /* AlbumDetailViewController.swift */,
				69056AEB1FE3C25200370BB6 /* AlbumList.storyboard */,
				69056AE91FE3C25200370BB6 /* AlbumListViewController.swift */,
				69D855F61FF3B85A0005C298 /* Top.storyboard */,
				69D855F81FF86CDA0005C298 /* TopViewController.swift */,
				69FA7B9920177A8C00E0BA46 /* NavigationController.swift */,
			);
			path = Sources;
			sourceTree = "<group>";
		};
		69D855F51FF32DAB0005C298 /* Resources */ = {
			isa = PBXGroup;
			children = (
				69056AEE1FE3C25200370BB6 /* Assets.xcassets */,
				69056AF31FE3C25200370BB6 /* Info.plist */,
				69056AF01FE3C25200370BB6 /* LaunchScreen.storyboard */,
				69D855FA1FFDA5380005C298 /* Localizable.strings */,
				69FF9E691FFDF97000EF1CF3 /* R.generated.swift */,
			);
			path = Resources;
			sourceTree = "<group>";
		};
		69FA7B9B20177C9000E0BA46 /* extensions */ = {
			isa = PBXGroup;
			children = (
				69FA7B9C20177CC600E0BA46 /* UIViewController.swift */,
			);
			path = extensions;
			sourceTree = "<group>";
		};
		E14DB2C871FA77FD03B012D9 /* Frameworks */ = {
			isa = PBXGroup;
			children = (
				71DD375F2E13B57B88EE5378 /* Pods_LocalMusicPlayer.framework */,
			);
			name = Frameworks;
			sourceTree = "<group>";
		};
/* End PBXGroup section */

/* Begin PBXNativeTarget section */
		69056AE31FE3C25200370BB6 /* LocalMusicPlayer */ = {
			isa = PBXNativeTarget;
			buildConfigurationList = 69056AF61FE3C25200370BB6 /* Build configuration list for PBXNativeTarget "LocalMusicPlayer" */;
			buildPhases = (
				477CFAB7C4E1280A1BE33EAB /* [CP] Check Pods Manifest.lock */,
				69D855FC1FFDEC370005C298 /* ShellScript */,
				69056AE01FE3C25200370BB6 /* Sources */,
				69056AE11FE3C25200370BB6 /* Frameworks */,
				69056AE21FE3C25200370BB6 /* Resources */,
				FE4855097928A04B6AADD6A1 /* [CP] Embed Pods Frameworks */,
				7B6BE994B47DCB2A0AB2056C /* [CP] Copy Pods Resources */,
			);
			buildRules = (
			);
			dependencies = (
			);
			name = LocalMusicPlayer;
			productName = LocalMusicPlayer;
			productReference = 69056AE41FE3C25200370BB6 /* LocalMusicPlayer.app */;
			productType = "com.apple.product-type.application";
		};
/* End PBXNativeTarget section */

/* Begin PBXProject section */
		69056ADC1FE3C25200370BB6 /* Project object */ = {
			isa = PBXProject;
			attributes = {
				LastSwiftUpdateCheck = 0910;
				LastUpgradeCheck = 0910;
				ORGANIZATIONNAME = "Daisuke Shiraishi";
				TargetAttributes = {
					69056AE31FE3C25200370BB6 = {
						CreatedOnToolsVersion = 9.1;
						ProvisioningStyle = Automatic;
					};
				};
			};
			buildConfigurationList = 69056ADF1FE3C25200370BB6 /* Build configuration list for PBXProject "LocalMusicPlayer" */;
			compatibilityVersion = "Xcode 8.0";
			developmentRegion = en;
			hasScannedForEncodings = 0;
			knownRegions = (
				Base,
			);
			mainGroup = 69056ADB1FE3C25200370BB6;
			productRefGroup = 69056AE51FE3C25200370BB6 /* Products */;
			projectDirPath = "";
			projectRoot = "";
			targets = (
				69056AE31FE3C25200370BB6 /* LocalMusicPlayer */,
			);
		};
/* End PBXProject section */

/* Begin PBXResourcesBuildPhase section */
		69056AE21FE3C25200370BB6 /* Resources */ = {
			isa = PBXResourcesBuildPhase;
			buildActionMask = 2147483647;
			files = (
				69D855FB1FFDA5380005C298 /* Localizable.strings in Resources */,
				69D855F71FF3B85A0005C298 /* Top.storyboard in Resources */,
				69056AF21FE3C25200370BB6 /* LaunchScreen.storyboard in Resources */,
				696E385720074EA300783C4D /* AlbumDetail.storyboard in Resources */,
				69056AEF1FE3C25200370BB6 /* Assets.xcassets in Resources */,
				69056AED1FE3C25200370BB6 /* AlbumList.storyboard in Resources */,
			);
			runOnlyForDeploymentPostprocessing = 0;
		};
/* End PBXResourcesBuildPhase section */

/* Begin PBXShellScriptBuildPhase section */
		477CFAB7C4E1280A1BE33EAB /* [CP] Check Pods Manifest.lock */ = {
			isa = PBXShellScriptBuildPhase;
			buildActionMask = 2147483647;
			files = (
			);
			inputPaths = (
			);
			name = "[CP] Check Pods Manifest.lock";
			outputPaths = (
			);
			runOnlyForDeploymentPostprocessing = 0;
			shellPath = /bin/sh;
			shellScript = "diff \"${PODS_ROOT}/../Podfile.lock\" \"${PODS_ROOT}/Manifest.lock\" > /dev/null\nif [ $? != 0 ] ; then\n    # print error to STDERR\n    echo \"error: The sandbox is not in sync with the Podfile.lock. Run 'pod install' or update your CocoaPods installation.\" >&2\n    exit 1\nfi\n";
			showEnvVarsInLog = 0;
		};
		69D855FC1FFDEC370005C298 /* ShellScript */ = {
			isa = PBXShellScriptBuildPhase;
			buildActionMask = 2147483647;
			files = (
			);
			inputPaths = (
			);
			outputPaths = (
			);
			runOnlyForDeploymentPostprocessing = 0;
			shellPath = /bin/sh;
			shellScript = "\"$PODS_ROOT/R.swift/rswift\" generate \"$SRCROOT/LocalMusicPlayer/Resources\"\n";
			showEnvVarsInLog = 0;
		};
		7B6BE994B47DCB2A0AB2056C /* [CP] Copy Pods Resources */ = {
			isa = PBXShellScriptBuildPhase;
			buildActionMask = 2147483647;
			files = (
			);
			inputPaths = (
			);
			name = "[CP] Copy Pods Resources";
			outputPaths = (
			);
			runOnlyForDeploymentPostprocessing = 0;
			shellPath = /bin/sh;
			shellScript = "\"${SRCROOT}/Pods/Target Support Files/Pods-LocalMusicPlayer/Pods-LocalMusicPlayer-resources.sh\"\n";
			showEnvVarsInLog = 0;
		};
		FE4855097928A04B6AADD6A1 /* [CP] Embed Pods Frameworks */ = {
			isa = PBXShellScriptBuildPhase;
			buildActionMask = 2147483647;
			files = (
			);
			inputPaths = (
			);
			name = "[CP] Embed Pods Frameworks";
			outputPaths = (
			);
			runOnlyForDeploymentPostprocessing = 0;
			shellPath = /bin/sh;
			shellScript = "\"${SRCROOT}/Pods/Target Support Files/Pods-LocalMusicPlayer/Pods-LocalMusicPlayer-frameworks.sh\"\n";
			showEnvVarsInLog = 0;
		};
/* End PBXShellScriptBuildPhase section */

/* Begin PBXSourcesBuildPhase section */
		69056AE01FE3C25200370BB6 /* Sources */ = {
			isa = PBXSourcesBuildPhase;
			buildActionMask = 2147483647;
			files = (
				69FA7B9D20177CC600E0BA46 /* UIViewController.swift in Sources */,
				69D855F91FF86CDA0005C298 /* TopViewController.swift in Sources */,
				69FA7B9A20177A8C00E0BA46 /* NavigationController.swift in Sources */,
				69056AEA1FE3C25200370BB6 /* AlbumListViewController.swift in Sources */,
				696E385920075BAA00783C4D /* AlbumDetailViewController.swift in Sources */,
				69056AE81FE3C25200370BB6 /* AppDelegate.swift in Sources */,
				69FF9E6A1FFDF97000EF1CF3 /* R.generated.swift in Sources */,
			);
			runOnlyForDeploymentPostprocessing = 0;
		};
/* End PBXSourcesBuildPhase section */

/* Begin PBXVariantGroup section */
		69056AEB1FE3C25200370BB6 /* AlbumList.storyboard */ = {
			isa = PBXVariantGroup;
			children = (
				69056AEC1FE3C25200370BB6 /* Base */,
			);
			name = AlbumList.storyboard;
			path = .;
			sourceTree = "<group>";
		};
		69056AF01FE3C25200370BB6 /* LaunchScreen.storyboard */ = {
			isa = PBXVariantGroup;
			children = (
				69056AF11FE3C25200370BB6 /* Base */,
			);
			name = LaunchScreen.storyboard;
			path = .;
			sourceTree = "<group>";
		};
/* End PBXVariantGroup section */

/* Begin XCBuildConfiguration section */
		69056AF41FE3C25200370BB6 /* Debug */ = {
			isa = XCBuildConfiguration;
			buildSettings = {
				ALWAYS_SEARCH_USER_PATHS = NO;
				CLANG_ANALYZER_NONNULL = YES;
				CLANG_ANALYZER_NUMBER_OBJECT_CONVERSION = YES_AGGRESSIVE;
				CLANG_CXX_LANGUAGE_STANDARD = "gnu++14";
				CLANG_CXX_LIBRARY = "libc++";
				CLANG_ENABLE_MODULES = YES;
				CLANG_ENABLE_OBJC_ARC = YES;
				CLANG_WARN_BLOCK_CAPTURE_AUTORELEASING = YES;
				CLANG_WARN_BOOL_CONVERSION = YES;
				CLANG_WARN_COMMA = YES;
				CLANG_WARN_CONSTANT_CONVERSION = YES;
				CLANG_WARN_DIRECT_OBJC_ISA_USAGE = YES_ERROR;
				CLANG_WARN_DOCUMENTATION_COMMENTS = YES;
				CLANG_WARN_EMPTY_BODY = YES;
				CLANG_WARN_ENUM_CONVERSION = YES;
				CLANG_WARN_INFINITE_RECURSION = YES;
				CLANG_WARN_INT_CONVERSION = YES;
				CLANG_WARN_NON_LITERAL_NULL_CONVERSION = YES;
				CLANG_WARN_OBJC_LITERAL_CONVERSION = YES;
				CLANG_WARN_OBJC_ROOT_CLASS = YES_ERROR;
				CLANG_WARN_RANGE_LOOP_ANALYSIS = YES;
				CLANG_WARN_STRICT_PROTOTYPES = YES;
				CLANG_WARN_SUSPICIOUS_MOVE = YES;
				CLANG_WARN_UNGUARDED_AVAILABILITY = YES_AGGRESSIVE;
				CLANG_WARN_UNREACHABLE_CODE = YES;
				CLANG_WARN__DUPLICATE_METHOD_MATCH = YES;
				CODE_SIGN_IDENTITY = "iPhone Developer";
				COPY_PHASE_STRIP = NO;
				DEBUG_INFORMATION_FORMAT = dwarf;
				ENABLE_STRICT_OBJC_MSGSEND = YES;
				ENABLE_TESTABILITY = YES;
				GCC_C_LANGUAGE_STANDARD = gnu11;
				GCC_DYNAMIC_NO_PIC = NO;
				GCC_NO_COMMON_BLOCKS = YES;
				GCC_OPTIMIZATION_LEVEL = 0;
				GCC_PREPROCESSOR_DEFINITIONS = (
					"DEBUG=1",
					"$(inherited)",
				);
				GCC_WARN_64_TO_32_BIT_CONVERSION = YES;
				GCC_WARN_ABOUT_RETURN_TYPE = YES_ERROR;
				GCC_WARN_UNDECLARED_SELECTOR = YES;
				GCC_WARN_UNINITIALIZED_AUTOS = YES_AGGRESSIVE;
				GCC_WARN_UNUSED_FUNCTION = YES;
				GCC_WARN_UNUSED_VARIABLE = YES;
				IPHONEOS_DEPLOYMENT_TARGET = 11.2;
				MTL_ENABLE_DEBUG_INFO = YES;
				ONLY_ACTIVE_ARCH = YES;
				SDKROOT = iphoneos;
				SWIFT_ACTIVE_COMPILATION_CONDITIONS = DEBUG;
				SWIFT_OPTIMIZATION_LEVEL = "-Onone";
			};
			name = Debug;
		};
		69056AF51FE3C25200370BB6 /* Release */ = {
			isa = XCBuildConfiguration;
			buildSettings = {
				ALWAYS_SEARCH_USER_PATHS = NO;
				CLANG_ANALYZER_NONNULL = YES;
				CLANG_ANALYZER_NUMBER_OBJECT_CONVERSION = YES_AGGRESSIVE;
				CLANG_CXX_LANGUAGE_STANDARD = "gnu++14";
				CLANG_CXX_LIBRARY = "libc++";
				CLANG_ENABLE_MODULES = YES;
				CLANG_ENABLE_OBJC_ARC = YES;
				CLANG_WARN_BLOCK_CAPTURE_AUTORELEASING = YES;
				CLANG_WARN_BOOL_CONVERSION = YES;
				CLANG_WARN_COMMA = YES;
				CLANG_WARN_CONSTANT_CONVERSION = YES;
				CLANG_WARN_DIRECT_OBJC_ISA_USAGE = YES_ERROR;
				CLANG_WARN_DOCUMENTATION_COMMENTS = YES;
				CLANG_WARN_EMPTY_BODY = YES;
				CLANG_WARN_ENUM_CONVERSION = YES;
				CLANG_WARN_INFINITE_RECURSION = YES;
				CLANG_WARN_INT_CONVERSION = YES;
				CLANG_WARN_NON_LITERAL_NULL_CONVERSION = YES;
				CLANG_WARN_OBJC_LITERAL_CONVERSION = YES;
				CLANG_WARN_OBJC_ROOT_CLASS = YES_ERROR;
				CLANG_WARN_RANGE_LOOP_ANALYSIS = YES;
				CLANG_WARN_STRICT_PROTOTYPES = YES;
				CLANG_WARN_SUSPICIOUS_MOVE = YES;
				CLANG_WARN_UNGUARDED_AVAILABILITY = YES_AGGRESSIVE;
				CLANG_WARN_UNREACHABLE_CODE = YES;
				CLANG_WARN__DUPLICATE_METHOD_MATCH = YES;
				CODE_SIGN_IDENTITY = "iPhone Developer";
				COPY_PHASE_STRIP = NO;
				DEBUG_INFORMATION_FORMAT = "dwarf-with-dsym";
				ENABLE_NS_ASSERTIONS = NO;
				ENABLE_STRICT_OBJC_MSGSEND = YES;
				GCC_C_LANGUAGE_STANDARD = gnu11;
				GCC_NO_COMMON_BLOCKS = YES;
				GCC_WARN_64_TO_32_BIT_CONVERSION = YES;
				GCC_WARN_ABOUT_RETURN_TYPE = YES_ERROR;
				GCC_WARN_UNDECLARED_SELECTOR = YES;
				GCC_WARN_UNINITIALIZED_AUTOS = YES_AGGRESSIVE;
				GCC_WARN_UNUSED_FUNCTION = YES;
				GCC_WARN_UNUSED_VARIABLE = YES;
				IPHONEOS_DEPLOYMENT_TARGET = 11.2;
				MTL_ENABLE_DEBUG_INFO = NO;
				SDKROOT = iphoneos;
				SWIFT_OPTIMIZATION_LEVEL = "-Owholemodule";
				VALIDATE_PRODUCT = YES;
			};
			name = Release;
		};
		69056AF71FE3C25200370BB6 /* Debug */ = {
			isa = XCBuildConfiguration;
			baseConfigurationReference = 901B57FA0B7BED784AD805DA /* Pods-LocalMusicPlayer.debug.xcconfig */;
			buildSettings = {
				ASSETCATALOG_COMPILER_APPICON_NAME = AppIcon;
				"CODE_SIGN_IDENTITY[sdk=iphoneos*]" = "iPhone Developer";
				CODE_SIGN_STYLE = Automatic;
				DEVELOPMENT_TEAM = 6X7NUD7W6P;
				INFOPLIST_FILE = LocalMusicPlayer/Resources/Info.plist;
				LD_RUNPATH_SEARCH_PATHS = "$(inherited) @executable_path/Frameworks";
				PRODUCT_BUNDLE_IDENTIFIER = mixin.LocalMusicPlayer;
				PRODUCT_NAME = "$(TARGET_NAME)";
				PROVISIONING_PROFILE_SPECIFIER = "";
				SWIFT_VERSION = 4.0;
				TARGETED_DEVICE_FAMILY = 1;
			};
			name = Debug;
		};
		69056AF81FE3C25200370BB6 /* Release */ = {
			isa = XCBuildConfiguration;
			baseConfigurationReference = 1A00547BFBE133F6D460C1C6 /* Pods-LocalMusicPlayer.release.xcconfig */;
			buildSettings = {
				ASSETCATALOG_COMPILER_APPICON_NAME = AppIcon;
				"CODE_SIGN_IDENTITY[sdk=iphoneos*]" = "iPhone Developer";
				CODE_SIGN_STYLE = Automatic;
				DEVELOPMENT_TEAM = 6X7NUD7W6P;
				INFOPLIST_FILE = LocalMusicPlayer/Resources/Info.plist;
				LD_RUNPATH_SEARCH_PATHS = "$(inherited) @executable_path/Frameworks";
				PRODUCT_BUNDLE_IDENTIFIER = mixin.LocalMusicPlayer;
				PRODUCT_NAME = "$(TARGET_NAME)";
				PROVISIONING_PROFILE_SPECIFIER = "";
				SWIFT_VERSION = 4.0;
				TARGETED_DEVICE_FAMILY = 1;
			};
			name = Release;
		};
/* End XCBuildConfiguration section */

/* Begin XCConfigurationList section */
		69056ADF1FE3C25200370BB6 /* Build configuration list for PBXProject "LocalMusicPlayer" */ = {
			isa = XCConfigurationList;
			buildConfigurations = (
				69056AF41FE3C25200370BB6 /* Debug */,
				69056AF51FE3C25200370BB6 /* Release */,
			);
			defaultConfigurationIsVisible = 0;
			defaultConfigurationName = Release;
		};
		69056AF61FE3C25200370BB6 /* Build configuration list for PBXNativeTarget "LocalMusicPlayer" */ = {
			isa = XCConfigurationList;
			buildConfigurations = (
				69056AF71FE3C25200370BB6 /* Debug */,
				69056AF81FE3C25200370BB6 /* Release */,
			);
			defaultConfigurationIsVisible = 0;
			defaultConfigurationName = Release;
		};
/* End XCConfigurationList section */
	};
	rootObject = 69056ADC1FE3C25200370BB6 /* Project object */;
}
